
Microsoft Visual Studio Solution File, Format Version 12.00
# Visual Studio Version 16
VisualStudioVersion = 16.0.30611.23
MinimumVisualStudioVersion = 10.0.40219.1
Project("{FAE04EC0-301F-11D3-BF4B-00C04F79EFBC}") = "QuanTrac.Android", "QuanTrac\QuanTrac.Android\QuanTrac.Android.csproj", "{E79717DF-FDD1-42EE-993D-BC8B969A99DE}"
EndProject
Project("{FAE04EC0-301F-11D3-BF4B-00C04F79EFBC}") = "QuanTrac.iOS", "QuanTrac\QuanTrac.iOS\QuanTrac.iOS.csproj", "{1C6512E9-B7CF-4FC9-B708-11689801A5AE}"
EndProject
Project("{FAE04EC0-301F-11D3-BF4B-00C04F79EFBC}") = "QuanTrac", "QuanTrac\QuanTrac\QuanTrac.csproj", "{517BAC4B-E3C8-44DD-B345-EBADDDCB857C}"
EndProject
Global
	GlobalSection(SolutionConfigurationPlatforms) = preSolution
		Debug|Any CPU = Debug|Any CPU
		Debug|iPhone = Debug|iPhone
		Debug|iPhoneSimulator = Debug|iPhoneSimulator
		Release|Any CPU = Release|Any CPU
		Release|iPhone = Release|iPhone
		Release|iPhoneSimulator = Release|iPhoneSimulator
	EndGlobalSection
	GlobalSection(ProjectConfigurationPlatforms) = postSolution
		{E79717DF-FDD1-42EE-993D-BC8B969A99DE}.Debug|Any CPU.ActiveCfg = Debug|Any CPU
		{E79717DF-FDD1-42EE-993D-BC8B969A99DE}.Debug|Any CPU.Build.0 = Debug|Any CPU
		{E79717DF-FDD1-42EE-993D-BC8B969A99DE}.Debug|Any CPU.Deploy.0 = Debug|Any CPU
		{E79717DF-FDD1-42EE-993D-BC8B969A99DE}.Debug|iPhone.ActiveCfg = Debug|Any CPU
		{E79717DF-FDD1-42EE-993D-BC8B969A99DE}.Debug|iPhone.Build.0 = Debug|Any CPU
		{E79717DF-FDD1-42EE-993D-BC8B969A99DE}.Debug|iPhone.Deploy.0 = Debug|Any CPU
		{E79717DF-FDD1-42EE-993D-BC8B969A99DE}.Debug|iPhoneSimulator.ActiveCfg = Debug|Any CPU
		{E79717DF-FDD1-42EE-993D-BC8B969A99DE}.Debug|iPhoneSimulator.Build.0 = Debug|Any CPU
		{E79717DF-FDD1-42EE-993D-BC8B969A99DE}.Debug|iPhoneSimulator.Deploy.0 = Debug|Any CPU
		{E79717DF-FDD1-42EE-993D-BC8B969A99DE}.Release|Any CPU.ActiveCfg = Release|Any CPU
		{E79717DF-FDD1-42EE-993D-BC8B969A99DE}.Release|Any CPU.Build.0 = Release|Any CPU
		{E79717DF-FDD1-42EE-993D-BC8B969A99DE}.Release|Any CPU.Deploy.0 = Release|Any CPU
		{E79717DF-FDD1-42EE-993D-BC8B969A99DE}.Release|iPhone.ActiveCfg = Release|Any CPU
		{E79717DF-FDD1-42EE-993D-BC8B969A99DE}.Release|iPhone.Build.0 = Release|Any CPU
		{E79717DF-FDD1-42EE-993D-BC8B969A99DE}.Release|iPhone.Deploy.0 = Release|Any CPU
		{E79717DF-FDD1-42EE-993D-BC8B969A99DE}.Release|iPhoneSimulator.ActiveCfg = Release|Any CPU
		{E79717DF-FDD1-42EE-993D-BC8B969A99DE}.Release|iPhoneSimulator.Build.0 = Release|Any CPU
		{E79717DF-FDD1-42EE-993D-BC8B969A99DE}.Release|iPhoneSimulator.Deploy.0 = Release|Any CPU
		{1C6512E9-B7CF-4FC9-B708-11689801A5AE}.Debug|Any CPU.ActiveCfg = Debug|iPhone
		{1C6512E9-B7CF-4FC9-B708-11689801A5AE}.Debug|Any CPU.Build.0 = Debug|iPhone
		{1C6512E9-B7CF-4FC9-B708-11689801A5AE}.Debug|Any CPU.Deploy.0 = Debug|iPhone
		{1C6512E9-B7CF-4FC9-B708-11689801A5AE}.Debug|iPhone.ActiveCfg = Debug|iPhone
		{1C6512E9-B7CF-4FC9-B708-11689801A5AE}.Debug|iPhone.Build.0 = Debug|iPhone
		{1C6512E9-B7CF-4FC9-B708-11689801A5AE}.Debug|iPhone.Deploy.0 = Debug|iPhone
		{1C6512E9-B7CF-4FC9-B708-11689801A5AE}.Debug|iPhoneSimulator.ActiveCfg = Debug|iPhoneSimulator
		{1C6512E9-B7CF-4FC9-B708-11689801A5AE}.Debug|iPhoneSimulator.Build.0 = Debug|iPhoneSimulator
		{1C6512E9-B7CF-4FC9-B708-11689801A5AE}.Debug|iPhoneSimulator.Deploy.0 = Debug|iPhoneSimulator
		{1C6512E9-B7CF-4FC9-B708-11689801A5AE}.Release|Any CPU.ActiveCfg = Release|iPhoneSimulator
		{1C6512E9-B7CF-4FC9-B708-11689801A5AE}.Release|Any CPU.Build.0 = Release|iPhoneSimulator
		{1C6512E9-B7CF-4FC9-B708-11689801A5AE}.Release|Any CPU.Deploy.0 = Release|iPhoneSimulator
		{1C6512E9-B7CF-4FC9-B708-11689801A5AE}.Release|iPhone.ActiveCfg = Release|iPhone
		{1C6512E9-B7CF-4FC9-B708-11689801A5AE}.Release|iPhone.Build.0 = Release|iPhone
		{1C6512E9-B7CF-4FC9-B708-11689801A5AE}.Release|iPhone.Deploy.0 = Release|iPhone
		{1C6512E9-B7CF-4FC9-B708-11689801A5AE}.Release|iPhoneSimulator.ActiveCfg = Release|iPhoneSimulator
		{1C6512E9-B7CF-4FC9-B708-11689801A5AE}.Release|iPhoneSimulator.Build.0 = Release|iPhoneSimulator
		{1C6512E9-B7CF-4FC9-B708-11689801A5AE}.Release|iPhoneSimulator.Deploy.0 = Release|iPhoneSimulator
		{517BAC4B-E3C8-44DD-B345-EBADDDCB857C}.Debug|Any CPU.ActiveCfg = Debug|Any CPU
		{517BAC4B-E3C8-44DD-B345-EBADDDCB857C}.Debug|Any CPU.Build.0 = Debug|Any CPU
		{517BAC4B-E3C8-44DD-B345-EBADDDCB857C}.Debug|Any CPU.Deploy.0 = Debug|Any CPU
		{517BAC4B-E3C8-44DD-B345-EBADDDCB857C}.Debug|iPhone.ActiveCfg = Debug|Any CPU
		{517BAC4B-E3C8-44DD-B345-EBADDDCB857C}.Debug|iPhone.Build.0 = Debug|Any CPU
		{517BAC4B-E3C8-44DD-B345-EBADDDCB857C}.Debug|iPhone.Deploy.0 = Debug|Any CPU
		{517BAC4B-E3C8-44DD-B345-EBADDDCB857C}.Debug|iPhoneSimulator.ActiveCfg = Debug|Any CPU
		{517BAC4B-E3C8-44DD-B345-EBADDDCB857C}.Debug|iPhoneSimulator.Build.0 = Debug|Any CPU
		{517BAC4B-E3C8-44DD-B345-EBADDDCB857C}.Debug|iPhoneSimulator.Deploy.0 = Debug|Any CPU
		{517BAC4B-E3C8-44DD-B345-EBADDDCB857C}.Release|Any CPU.ActiveCfg = Release|Any CPU
		{517BAC4B-E3C8-44DD-B345-EBADDDCB857C}.Release|Any CPU.Build.0 = Release|Any CPU
		{517BAC4B-E3C8-44DD-B345-EBADDDCB857C}.Release|Any CPU.Deploy.0 = Release|Any CPU
		{517BAC4B-E3C8-44DD-B345-EBADDDCB857C}.Release|iPhone.ActiveCfg = Release|Any CPU
		{517BAC4B-E3C8-44DD-B345-EBADDDCB857C}.Release|iPhone.Build.0 = Release|Any CPU
		{517BAC4B-E3C8-44DD-B345-EBADDDCB857C}.Release|iPhone.Deploy.0 = Release|Any CPU
		{517BAC4B-E3C8-44DD-B345-EBADDDCB857C}.Release|iPhoneSimulator.ActiveCfg = Release|Any CPU
		{517BAC4B-E3C8-44DD-B345-EBADDDCB857C}.Release|iPhoneSimulator.Build.0 = Release|Any CPU
		{517BAC4B-E3C8-44DD-B345-EBADDDCB857C}.Release|iPhoneSimulator.Deploy.0 = Release|Any CPU
	EndGlobalSection
	GlobalSection(SolutionProperties) = preSolution
		HideSolutionNode = FALSE
	EndGlobalSection
	GlobalSection(ExtensibilityGlobals) = postSolution
		SolutionGuid = {92D09C4A-CBD1-4167-8BF5-E9DE11E0F0FE}
	EndGlobalSection
EndGlobal
